
Microsoft Visual Studio Solution File, Format Version 12.00
# Visual Studio Version 17
VisualStudioVersion = 17.2.32630.192
MinimumVisualStudioVersion = 10.0.40219.1
Project("{FAE04EC0-301F-11D3-BF4B-00C04F79EFBC}") = "my-books", "my-books\my-books.csproj", "{2F64184A-12FC-4571-ADAE-3580084177BF}"
EndProject
Global
	GlobalSection(SolutionConfigurationPlatforms) = preSolution
		Debug|Any CPU = Debug|Any CPU
		Release|Any CPU = Release|Any CPU
	EndGlobalSection
	GlobalSection(ProjectConfigurationPlatforms) = postSolution
		{2F64184A-12FC-4571-ADAE-3580084177BF}.Debug|Any CPU.ActiveCfg = Debug|Any CPU
		{2F64184A-12FC-4571-ADAE-3580084177BF}.Debug|Any CPU.Build.0 = Debug|Any CPU
		{2F64184A-12FC-4571-ADAE-3580084177BF}.Release|Any CPU.ActiveCfg = Release|Any CPU
		{2F64184A-12FC-4571-ADAE-3580084177BF}.Release|Any CPU.Build.0 = Release|Any CPU
	EndGlobalSection
	GlobalSection(SolutionProperties) = preSolution
		HideSolutionNode = FALSE
	EndGlobalSection
	GlobalSection(ExtensibilityGlobals) = postSolution
		SolutionGuid = {0A1711F3-4E6D-46B3-AD33-646ABA5AF901}
	EndGlobalSection
EndGlobal
